# This file is autogenerated, do not edit; changes may be undone by the next 'dep ensure'.


[[projects]]
  branch = "master"
  digest = "1:f14d1b50e0075fb00177f12a96dd7addf93d1e2883c25befd17285b779549795"
  name = "github.com/gopherjs/gopherjs"
  packages = ["js"]
  pruneopts = "UT"
  revision = "1babbf986f6fcb1156d0646cdba5c4f81bc32849"

[[projects]]
  digest = "1:e5998225759cf350dbee3e8ed69b0ca549bb52dd71edf937800fa46d39502db6"
  name = "github.com/gopherjs/gopherwasm"
  packages = ["js"]
  pruneopts = "UT"
  revision = "491e2f5cf3e461ccc9f47e79ac430009f7e09e4d"
  version = "v1.0.0"

[[projects]]
  digest = "1:52430c9cb1b419d4d7cc21b6536732a492376820e4d6aa43bc2dd0b53ae491a5"
  name = "github.com/hajimehoshi/go-mp3"
  packages = [
    ".",
    "internal/bits",
    "internal/consts",
    "internal/frame",
    "internal/frameheader",
    "internal/huffman",
    "internal/imdct",
    "internal/maindata",
    "internal/sideinfo",
  ]
  pruneopts = "UT"
  revision = "90191ee719ddc192865cd96bdc8013ef1ed6dbea"
  version = "v0.1.1"

[[projects]]
  digest = "1:6afb746e4865cc385578b579aa58d8b1c9a4dc5a9c6a98b4ae71da4cc2d8d8c0"
  name = "github.com/hajimehoshi/oto"
  packages = ["."]
  pruneopts = "UT"
  revision = "3ea0e1989cb79908473e1df636841204dbd9b67e"
  version = "v0.2.0"

[[projects]]
  branch = "master"
  digest = "1:991ca5370801d648b645d81502f5cbeac3e57f333fbf99303adeb378e99ba956"
  name = "golang.org/x/exp"
  packages = [
    "shiny/driver/gldriver",
    "shiny/driver/internal/drawer",
    "shiny/driver/internal/errscreen",
    "shiny/driver/internal/event",
    "shiny/driver/internal/lifecycler",
    "shiny/driver/internal/win32",
    "shiny/driver/internal/x11key",
    "shiny/screen",
  ]
  pruneopts = "UT"
  revision = "d8bb7a16721e319e95865be2662b889387204776"

[[projects]]
  branch = "master"
  digest = "1:b92d5f74778f4766055011db9abc4bba54edbe5e690a544e6dbfe4dd90824719"
  name = "golang.org/x/image"
  packages = ["math/f64"]
  pruneopts = "UT"
  revision = "991ec62608f3c0da01d400756917825d1e2fd528"

[[projects]]
  branch = "master"
  digest = "1:de68f712f85c8662d006696663ddcbb479c00328c101b453d5a6ff3bff1b62b6"
  name = "golang.org/x/mobile"
  packages = [
    "app",
    "app/internal/callfn",
    "event/key",
    "event/lifecycle",
    "event/mouse",
    "event/paint",
    "event/size",
    "event/touch",
    "geom",
    "gl",
    "internal/mobileinit",
  ]
  pruneopts = "UT"
  revision = "92f3b9caf7ba8f4f9c10074225afcba0cba47a62"

[[projects]]
  branch = "master"
  digest = "1:68a4638398cf8c864a6aa50c8853ebe7935f939aa3acf7e44cb35b67852e9fef"
  name = "golang.org/x/sys"
  packages = ["windows"]
  pruneopts = "UT"
  revision = "fa43e7bc11baaae89f3f902b2b4d832b68234844"

[solve-meta]
  analyzer-name = "dep"
  analyzer-version = 1
  input-imports = [
    "github.com/hajimehoshi/go-mp3",
    "github.com/hajimehoshi/oto",
  ]
  solver-name = "gps-cdcl"
  solver-version = 1
